
Microsoft Visual Studio Solution File, Format Version 12.00
# Visual Studio 15
VisualStudioVersion = 15.0.27004.2009
MinimumVisualStudioVersion = 10.0.40219.1
Project("{FAE04EC0-301F-11D3-BF4B-00C04F79EFBC}") = "HmhengXamCV.Android", "HmhengXamCV\HmhengXamCV.Android\HmhengXamCV.Android.csproj", "{D363FF4B-8970-4E9C-B24C-C54175385133}"
EndProject
Project("{FAE04EC0-301F-11D3-BF4B-00C04F79EFBC}") = "HmhengXamCV.UWP", "HmhengXamCV\HmhengXamCV.UWP\HmhengXamCV.UWP.csproj", "{CD87EADB-58CC-46E7-A66D-DD29107A6E58}"
EndProject
Project("{FAE04EC0-301F-11D3-BF4B-00C04F79EFBC}") = "HmhengXamCV.iOS", "HmhengXamCV\HmhengXamCV.iOS\HmhengXamCV.iOS.csproj", "{7ECA9012-896A-4400-8F1B-1B9A0AC552BE}"
EndProject
Project("{FAE04EC0-301F-11D3-BF4B-00C04F79EFBC}") = "HmhengXamCV.Core", "HmhengXamCV.Core\HmhengXamCV.Core.csproj", "{A970AD32-B799-4656-8F7C-AABA8B95E23C}"
EndProject
Global
	GlobalSection(SolutionConfigurationPlatforms) = preSolution
		Ad-Hoc|Any CPU = Ad-Hoc|Any CPU
		Ad-Hoc|ARM = Ad-Hoc|ARM
		Ad-Hoc|iPhone = Ad-Hoc|iPhone
		Ad-Hoc|iPhoneSimulator = Ad-Hoc|iPhoneSimulator
		Ad-Hoc|x64 = Ad-Hoc|x64
		Ad-Hoc|x86 = Ad-Hoc|x86
		AppStore|Any CPU = AppStore|Any CPU
		AppStore|ARM = AppStore|ARM
		AppStore|iPhone = AppStore|iPhone
		AppStore|iPhoneSimulator = AppStore|iPhoneSimulator
		AppStore|x64 = AppStore|x64
		AppStore|x86 = AppStore|x86
		Debug|Any CPU = Debug|Any CPU
		Debug|ARM = Debug|ARM
		Debug|iPhone = Debug|iPhone
		Debug|iPhoneSimulator = Debug|iPhoneSimulator
		Debug|x64 = Debug|x64
		Debug|x86 = Debug|x86
		Release|Any CPU = Release|Any CPU
		Release|ARM = Release|ARM
		Release|iPhone = Release|iPhone
		Release|iPhoneSimulator = Release|iPhoneSimulator
		Release|x64 = Release|x64
		Release|x86 = Release|x86
	EndGlobalSection
	GlobalSection(ProjectConfigurationPlatforms) = postSolution
		{D363FF4B-8970-4E9C-B24C-C54175385133}.Ad-Hoc|Any CPU.ActiveCfg = Release|Any CPU
		{D363FF4B-8970-4E9C-B24C-C54175385133}.Ad-Hoc|Any CPU.Build.0 = Release|Any CPU
		{D363FF4B-8970-4E9C-B24C-C54175385133}.Ad-Hoc|Any CPU.Deploy.0 = Release|Any CPU
		{D363FF4B-8970-4E9C-B24C-C54175385133}.Ad-Hoc|ARM.ActiveCfg = Release|Any CPU
		{D363FF4B-8970-4E9C-B24C-C54175385133}.Ad-Hoc|ARM.Build.0 = Release|Any CPU
		{D363FF4B-8970-4E9C-B24C-C54175385133}.Ad-Hoc|ARM.Deploy.0 = Release|Any CPU
		{D363FF4B-8970-4E9C-B24C-C54175385133}.Ad-Hoc|iPhone.ActiveCfg = Release|Any CPU
		{D363FF4B-8970-4E9C-B24C-C54175385133}.Ad-Hoc|iPhone.Build.0 = Release|Any CPU
		{D363FF4B-8970-4E9C-B24C-C54175385133}.Ad-Hoc|iPhone.Deploy.0 = Release|Any CPU
		{D363FF4B-8970-4E9C-B24C-C54175385133}.Ad-Hoc|iPhoneSimulator.ActiveCfg = Release|Any CPU
		{D363FF4B-8970-4E9C-B24C-C54175385133}.Ad-Hoc|iPhoneSimulator.Build.0 = Release|Any CPU
		{D363FF4B-8970-4E9C-B24C-C54175385133}.Ad-Hoc|iPhoneSimulator.Deploy.0 = Release|Any CPU
		{D363FF4B-8970-4E9C-B24C-C54175385133}.Ad-Hoc|x64.ActiveCfg = Release|Any CPU
		{D363FF4B-8970-4E9C-B24C-C54175385133}.Ad-Hoc|x64.Build.0 = Release|Any CPU
		{D363FF4B-8970-4E9C-B24C-C54175385133}.Ad-Hoc|x64.Deploy.0 = Release|Any CPU
		{D363FF4B-8970-4E9C-B24C-C54175385133}.Ad-Hoc|x86.ActiveCfg = Release|Any CPU
		{D363FF4B-8970-4E9C-B24C-C54175385133}.Ad-Hoc|x86.Build.0 = Release|Any CPU
		{D363FF4B-8970-4E9C-B24C-C54175385133}.Ad-Hoc|x86.Deploy.0 = Release|Any CPU
		{D363FF4B-8970-4E9C-B24C-C54175385133}.AppStore|Any CPU.ActiveCfg = Release|Any CPU
		{D363FF4B-8970-4E9C-B24C-C54175385133}.AppStore|Any CPU.Build.0 = Release|Any CPU
		{D363FF4B-8970-4E9C-B24C-C54175385133}.AppStore|Any CPU.Deploy.0 = Release|Any CPU
		{D363FF4B-8970-4E9C-B24C-C54175385133}.AppStore|ARM.ActiveCfg = Release|Any CPU
		{D363FF4B-8970-4E9C-B24C-C54175385133}.AppStore|ARM.Build.0 = Release|Any CPU
		{D363FF4B-8970-4E9C-B24C-C54175385133}.AppStore|ARM.Deploy.0 = Release|Any CPU
		{D363FF4B-8970-4E9C-B24C-C54175385133}.AppStore|iPhone.ActiveCfg = Release|Any CPU
		{D363FF4B-8970-4E9C-B24C-C54175385133}.AppStore|iPhone.Build.0 = Release|Any CPU
		{D363FF4B-8970-4E9C-B24C-C54175385133}.AppStore|iPhone.Deploy.0 = Release|Any CPU
		{D363FF4B-8970-4E9C-B24C-C54175385133}.AppStore|iPhoneSimulator.ActiveCfg = Release|Any CPU
		{D363FF4B-8970-4E9C-B24C-C54175385133}.AppStore|iPhoneSimulator.Build.0 = Release|Any CPU
		{D363FF4B-8970-4E9C-B24C-C54175385133}.AppStore|iPhoneSimulator.Deploy.0 = Release|Any CPU
		{D363FF4B-8970-4E9C-B24C-C54175385133}.AppStore|x64.ActiveCfg = Release|Any CPU
		{D363FF4B-8970-4E9C-B24C-C54175385133}.AppStore|x64.Build.0 = Release|Any CPU
		{D363FF4B-8970-4E9C-B24C-C54175385133}.AppStore|x64.Deploy.0 = Release|Any CPU
		{D363FF4B-8970-4E9C-B24C-C54175385133}.AppStore|x86.ActiveCfg = Release|Any CPU
		{D363FF4B-8970-4E9C-B24C-C54175385133}.AppStore|x86.Build.0 = Release|Any CPU
		{D363FF4B-8970-4E9C-B24C-C54175385133}.AppStore|x86.Deploy.0 = Release|Any CPU
		{D363FF4B-8970-4E9C-B24C-C54175385133}.Debug|Any CPU.ActiveCfg = Debug|Any CPU
		{D363FF4B-8970-4E9C-B24C-C54175385133}.Debug|Any CPU.Build.0 = Debug|Any CPU
		{D363FF4B-8970-4E9C-B24C-C54175385133}.Debug|Any CPU.Deploy.0 = Debug|Any CPU
		{D363FF4B-8970-4E9C-B24C-C54175385133}.Debug|ARM.ActiveCfg = Debug|Any CPU
		{D363FF4B-8970-4E9C-B24C-C54175385133}.Debug|ARM.Build.0 = Debug|Any CPU
		{D363FF4B-8970-4E9C-B24C-C54175385133}.Debug|ARM.Deploy.0 = Debug|Any CPU
		{D363FF4B-8970-4E9C-B24C-C54175385133}.Debug|iPhone.ActiveCfg = Debug|Any CPU
		{D363FF4B-8970-4E9C-B24C-C54175385133}.Debug|iPhone.Build.0 = Debug|Any CPU
		{D363FF4B-8970-4E9C-B24C-C54175385133}.Debug|iPhone.Deploy.0 = Debug|Any CPU
		{D363FF4B-8970-4E9C-B24C-C54175385133}.Debug|iPhoneSimulator.ActiveCfg = Debug|Any CPU
		{D363FF4B-8970-4E9C-B24C-C54175385133}.Debug|iPhoneSimulator.Build.0 = Debug|Any CPU
		{D363FF4B-8970-4E9C-B24C-C54175385133}.Debug|iPhoneSimulator.Deploy.0 = Debug|Any CPU
		{D363FF4B-8970-4E9C-B24C-C54175385133}.Debug|x64.ActiveCfg = Debug|Any CPU
		{D363FF4B-8970-4E9C-B24C-C54175385133}.Debug|x64.Build.0 = Debug|Any CPU
		{D363FF4B-8970-4E9C-B24C-C54175385133}.Debug|x64.Deploy.0 = Debug|Any CPU
		{D363FF4B-8970-4E9C-B24C-C54175385133}.Debug|x86.ActiveCfg = Debug|Any CPU
		{D363FF4B-8970-4E9C-B24C-C54175385133}.Debug|x86.Build.0 = Debug|Any CPU
		{D363FF4B-8970-4E9C-B24C-C54175385133}.Debug|x86.Deploy.0 = Debug|Any CPU
		{D363FF4B-8970-4E9C-B24C-C54175385133}.Release|Any CPU.ActiveCfg = Release|Any CPU
		{D363FF4B-8970-4E9C-B24C-C54175385133}.Release|Any CPU.Build.0 = Release|Any CPU
		{D363FF4B-8970-4E9C-B24C-C54175385133}.Release|Any CPU.Deploy.0 = Release|Any CPU
		{D363FF4B-8970-4E9C-B24C-C54175385133}.Release|ARM.ActiveCfg = Release|Any CPU
		{D363FF4B-8970-4E9C-B24C-C54175385133}.Release|ARM.Build.0 = Release|Any CPU
		{D363FF4B-8970-4E9C-B24C-C54175385133}.Release|ARM.Deploy.0 = Release|Any CPU
		{D363FF4B-8970-4E9C-B24C-C54175385133}.Release|iPhone.ActiveCfg = Release|Any CPU
		{D363FF4B-8970-4E9C-B24C-C54175385133}.Release|iPhone.Build.0 = Release|Any CPU
		{D363FF4B-8970-4E9C-B24C-C54175385133}.Release|iPhone.Deploy.0 = Release|Any CPU
		{D363FF4B-8970-4E9C-B24C-C54175385133}.Release|iPhoneSimulator.ActiveCfg = Release|Any CPU
		{D363FF4B-8970-4E9C-B24C-C54175385133}.Release|iPhoneSimulator.Build.0 = Release|Any CPU
		{D363FF4B-8970-4E9C-B24C-C54175385133}.Release|iPhoneSimulator.Deploy.0 = Release|Any CPU
		{D363FF4B-8970-4E9C-B24C-C54175385133}.Release|x64.ActiveCfg = Release|Any CPU
		{D363FF4B-8970-4E9C-B24C-C54175385133}.Release|x64.Build.0 = Release|Any CPU
		{D363FF4B-8970-4E9C-B24C-C54175385133}.Release|x64.Deploy.0 = Release|Any CPU
		{D363FF4B-8970-4E9C-B24C-C54175385133}.Release|x86.ActiveCfg = Release|Any CPU
		{D363FF4B-8970-4E9C-B24C-C54175385133}.Release|x86.Build.0 = Release|Any CPU
		{D363FF4B-8970-4E9C-B24C-C54175385133}.Release|x86.Deploy.0 = Release|Any CPU
		{CD87EADB-58CC-46E7-A66D-DD29107A6E58}.Ad-Hoc|Any CPU.ActiveCfg = Release|x86
		{CD87EADB-58CC-46E7-A66D-DD29107A6E58}.Ad-Hoc|Any CPU.Build.0 = Release|x86
		{CD87EADB-58CC-46E7-A66D-DD29107A6E58}.Ad-Hoc|Any CPU.Deploy.0 = Release|x86
		{CD87EADB-58CC-46E7-A66D-DD29107A6E58}.Ad-Hoc|ARM.ActiveCfg = Release|ARM
		{CD87EADB-58CC-46E7-A66D-DD29107A6E58}.Ad-Hoc|ARM.Build.0 = Release|ARM
		{CD87EADB-58CC-46E7-A66D-DD29107A6E58}.Ad-Hoc|ARM.Deploy.0 = Release|ARM
		{CD87EADB-58CC-46E7-A66D-DD29107A6E58}.Ad-Hoc|iPhone.ActiveCfg = Release|x86
		{CD87EADB-58CC-46E7-A66D-DD29107A6E58}.Ad-Hoc|iPhone.Build.0 = Release|x86
		{CD87EADB-58CC-46E7-A66D-DD29107A6E58}.Ad-Hoc|iPhone.Deploy.0 = Release|x86
		{CD87EADB-58CC-46E7-A66D-DD29107A6E58}.Ad-Hoc|iPhoneSimulator.ActiveCfg = Release|x86
		{CD87EADB-58CC-46E7-A66D-DD29107A6E58}.Ad-Hoc|iPhoneSimulator.Build.0 = Release|x86
		{CD87EADB-58CC-46E7-A66D-DD29107A6E58}.Ad-Hoc|iPhoneSimulator.Deploy.0 = Release|x86
		{CD87EADB-58CC-46E7-A66D-DD29107A6E58}.Ad-Hoc|x64.ActiveCfg = Release|x64
		{CD87EADB-58CC-46E7-A66D-DD29107A6E58}.Ad-Hoc|x64.Build.0 = Release|x64
		{CD87EADB-58CC-46E7-A66D-DD29107A6E58}.Ad-Hoc|x64.Deploy.0 = Release|x64
		{CD87EADB-58CC-46E7-A66D-DD29107A6E58}.Ad-Hoc|x86.ActiveCfg = Release|x86
		{CD87EADB-58CC-46E7-A66D-DD29107A6E58}.Ad-Hoc|x86.Build.0 = Release|x86
		{CD87EADB-58CC-46E7-A66D-DD29107A6E58}.Ad-Hoc|x86.Deploy.0 = Release|x86
		{CD87EADB-58CC-46E7-A66D-DD29107A6E58}.AppStore|Any CPU.ActiveCfg = Release|x86
		{CD87EADB-58CC-46E7-A66D-DD29107A6E58}.AppStore|Any CPU.Build.0 = Release|x86
		{CD87EADB-58CC-46E7-A66D-DD29107A6E58}.AppStore|Any CPU.Deploy.0 = Release|x86
		{CD87EADB-58CC-46E7-A66D-DD29107A6E58}.AppStore|ARM.ActiveCfg = Release|ARM
		{CD87EADB-58CC-46E7-A66D-DD29107A6E58}.AppStore|ARM.Build.0 = Release|ARM
		{CD87EADB-58CC-46E7-A66D-DD29107A6E58}.AppStore|ARM.Deploy.0 = Release|ARM
		{CD87EADB-58CC-46E7-A66D-DD29107A6E58}.AppStore|iPhone.ActiveCfg = Release|x86
		{CD87EADB-58CC-46E7-A66D-DD29107A6E58}.AppStore|iPhone.Build.0 = Release|x86
		{CD87EADB-58CC-46E7-A66D-DD29107A6E58}.AppStore|iPhone.Deploy.0 = Release|x86
		{CD87EADB-58CC-46E7-A66D-DD29107A6E58}.AppStore|iPhoneSimulator.ActiveCfg = Release|x86
		{CD87EADB-58CC-46E7-A66D-DD29107A6E58}.AppStore|iPhoneSimulator.Build.0 = Release|x86
		{CD87EADB-58CC-46E7-A66D-DD29107A6E58}.AppStore|iPhoneSimulator.Deploy.0 = Release|x86
		{CD87EADB-58CC-46E7-A66D-DD29107A6E58}.AppStore|x64.ActiveCfg = Release|x64
		{CD87EADB-58CC-46E7-A66D-DD29107A6E58}.AppStore|x64.Build.0 = Release|x64
		{CD87EADB-58CC-46E7-A66D-DD29107A6E58}.AppStore|x64.Deploy.0 = Release|x64
		{CD87EADB-58CC-46E7-A66D-DD29107A6E58}.AppStore|x86.ActiveCfg = Release|x86
		{CD87EADB-58CC-46E7-A66D-DD29107A6E58}.AppStore|x86.Build.0 = Release|x86
		{CD87EADB-58CC-46E7-A66D-DD29107A6E58}.AppStore|x86.Deploy.0 = Release|x86
		{CD87EADB-58CC-46E7-A66D-DD29107A6E58}.Debug|Any CPU.ActiveCfg = Debug|x86
		{CD87EADB-58CC-46E7-A66D-DD29107A6E58}.Debug|ARM.ActiveCfg = Debug|ARM
		{CD87EADB-58CC-46E7-A66D-DD29107A6E58}.Debug|ARM.Build.0 = Debug|ARM
		{CD87EADB-58CC-46E7-A66D-DD29107A6E58}.Debug|ARM.Deploy.0 = Debug|ARM
		{CD87EADB-58CC-46E7-A66D-DD29107A6E58}.Debug|iPhone.ActiveCfg = Debug|x86
		{CD87EADB-58CC-46E7-A66D-DD29107A6E58}.Debug|iPhoneSimulator.ActiveCfg = Debug|x86
		{CD87EADB-58CC-46E7-A66D-DD29107A6E58}.Debug|x64.ActiveCfg = Debug|x64
		{CD87EADB-58CC-46E7-A66D-DD29107A6E58}.Debug|x64.Build.0 = Debug|x64
		{CD87EADB-58CC-46E7-A66D-DD29107A6E58}.Debug|x64.Deploy.0 = Debug|x64
		{CD87EADB-58CC-46E7-A66D-DD29107A6E58}.Debug|x86.ActiveCfg = Debug|x86
		{CD87EADB-58CC-46E7-A66D-DD29107A6E58}.Debug|x86.Build.0 = Debug|x86
		{CD87EADB-58CC-46E7-A66D-DD29107A6E58}.Debug|x86.Deploy.0 = Debug|x86
		{CD87EADB-58CC-46E7-A66D-DD29107A6E58}.Release|Any CPU.ActiveCfg = Release|x86
		{CD87EADB-58CC-46E7-A66D-DD29107A6E58}.Release|ARM.ActiveCfg = Release|ARM
		{CD87EADB-58CC-46E7-A66D-DD29107A6E58}.Release|ARM.Build.0 = Release|ARM
		{CD87EADB-58CC-46E7-A66D-DD29107A6E58}.Release|ARM.Deploy.0 = Release|ARM
		{CD87EADB-58CC-46E7-A66D-DD29107A6E58}.Release|iPhone.ActiveCfg = Release|x86
		{CD87EADB-58CC-46E7-A66D-DD29107A6E58}.Release|iPhoneSimulator.ActiveCfg = Release|x86
		{CD87EADB-58CC-46E7-A66D-DD29107A6E58}.Release|x64.ActiveCfg = Release|x64
		{CD87EADB-58CC-46E7-A66D-DD29107A6E58}.Release|x64.Build.0 = Release|x64
		{CD87EADB-58CC-46E7-A66D-DD29107A6E58}.Release|x64.Deploy.0 = Release|x64
		{CD87EADB-58CC-46E7-A66D-DD29107A6E58}.Release|x86.ActiveCfg = Release|x86
		{CD87EADB-58CC-46E7-A66D-DD29107A6E58}.Release|x86.Build.0 = Release|x86
		{CD87EADB-58CC-46E7-A66D-DD29107A6E58}.Release|x86.Deploy.0 = Release|x86
		{7ECA9012-896A-4400-8F1B-1B9A0AC552BE}.Ad-Hoc|Any CPU.ActiveCfg = Ad-Hoc|iPhoneSimulator
		{7ECA9012-896A-4400-8F1B-1B9A0AC552BE}.Ad-Hoc|ARM.ActiveCfg = Ad-Hoc|iPhone
		{7ECA9012-896A-4400-8F1B-1B9A0AC552BE}.Ad-Hoc|iPhone.ActiveCfg = Ad-Hoc|iPhone
		{7ECA9012-896A-4400-8F1B-1B9A0AC552BE}.Ad-Hoc|iPhone.Build.0 = Ad-Hoc|iPhone
		{7ECA9012-896A-4400-8F1B-1B9A0AC552BE}.Ad-Hoc|iPhoneSimulator.ActiveCfg = Ad-Hoc|iPhoneSimulator
		{7ECA9012-896A-4400-8F1B-1B9A0AC552BE}.Ad-Hoc|iPhoneSimulator.Build.0 = Ad-Hoc|iPhoneSimulator
		{7ECA9012-896A-4400-8F1B-1B9A0AC552BE}.Ad-Hoc|x64.ActiveCfg = Ad-Hoc|iPhone
		{7ECA9012-896A-4400-8F1B-1B9A0AC552BE}.Ad-Hoc|x86.ActiveCfg = Ad-Hoc|iPhone
		{7ECA9012-896A-4400-8F1B-1B9A0AC552BE}.AppStore|Any CPU.ActiveCfg = AppStore|iPhoneSimulator
		{7ECA9012-896A-4400-8F1B-1B9A0AC552BE}.AppStore|ARM.ActiveCfg = AppStore|iPhone
		{7ECA9012-896A-4400-8F1B-1B9A0AC552BE}.AppStore|iPhone.ActiveCfg = AppStore|iPhone
		{7ECA9012-896A-4400-8F1B-1B9A0AC552BE}.AppStore|iPhone.Build.0 = AppStore|iPhone
		{7ECA9012-896A-4400-8F1B-1B9A0AC552BE}.AppStore|iPhoneSimulator.ActiveCfg = AppStore|iPhoneSimulator
		{7ECA9012-896A-4400-8F1B-1B9A0AC552BE}.AppStore|iPhoneSimulator.Build.0 = AppStore|iPhoneSimulator
		{7ECA9012-896A-4400-8F1B-1B9A0AC552BE}.AppStore|x64.ActiveCfg = AppStore|iPhone
		{7ECA9012-896A-4400-8F1B-1B9A0AC552BE}.AppStore|x86.ActiveCfg = AppStore|iPhone
		{7ECA9012-896A-4400-8F1B-1B9A0AC552BE}.Debug|Any CPU.ActiveCfg = Debug|iPhoneSimulator
		{7ECA9012-896A-4400-8F1B-1B9A0AC552BE}.Debug|ARM.ActiveCfg = Debug|iPhone
		{7ECA9012-896A-4400-8F1B-1B9A0AC552BE}.Debug|iPhone.ActiveCfg = Debug|iPhone
		{7ECA9012-896A-4400-8F1B-1B9A0AC552BE}.Debug|iPhone.Build.0 = Debug|iPhone
		{7ECA9012-896A-4400-8F1B-1B9A0AC552BE}.Debug|iPhoneSimulator.ActiveCfg = Debug|iPhoneSimulator
		{7ECA9012-896A-4400-8F1B-1B9A0AC552BE}.Debug|iPhoneSimulator.Build.0 = Debug|iPhoneSimulator
		{7ECA9012-896A-4400-8F1B-1B9A0AC552BE}.Debug|x64.ActiveCfg = Debug|iPhone
		{7ECA9012-896A-4400-8F1B-1B9A0AC552BE}.Debug|x86.ActiveCfg = Debug|iPhone
		{7ECA9012-896A-4400-8F1B-1B9A0AC552BE}.Release|Any CPU.ActiveCfg = Release|iPhoneSimulator
		{7ECA9012-896A-4400-8F1B-1B9A0AC552BE}.Release|ARM.ActiveCfg = Release|iPhone
		{7ECA9012-896A-4400-8F1B-1B9A0AC552BE}.Release|iPhone.ActiveCfg = Release|iPhone
		{7ECA9012-896A-4400-8F1B-1B9A0AC552BE}.Release|iPhone.Build.0 = Release|iPhone
		{7ECA9012-896A-4400-8F1B-1B9A0AC552BE}.Release|iPhoneSimulator.ActiveCfg = Release|iPhoneSimulator
		{7ECA9012-896A-4400-8F1B-1B9A0AC552BE}.Release|iPhoneSimulator.Build.0 = Release|iPhoneSimulator
		{7ECA9012-896A-4400-8F1B-1B9A0AC552BE}.Release|x64.ActiveCfg = Release|iPhone
		{7ECA9012-896A-4400-8F1B-1B9A0AC552BE}.Release|x86.ActiveCfg = Release|iPhone
		{A970AD32-B799-4656-8F7C-AABA8B95E23C}.Ad-Hoc|Any CPU.ActiveCfg = Debug|Any CPU
		{A970AD32-B799-4656-8F7C-AABA8B95E23C}.Ad-Hoc|Any CPU.Build.0 = Debug|Any CPU
		{A970AD32-B799-4656-8F7C-AABA8B95E23C}.Ad-Hoc|ARM.ActiveCfg = Debug|Any CPU
		{A970AD32-B799-4656-8F7C-AABA8B95E23C}.Ad-Hoc|ARM.Build.0 = Debug|Any CPU
		{A970AD32-B799-4656-8F7C-AABA8B95E23C}.Ad-Hoc|iPhone.ActiveCfg = Debug|Any CPU
		{A970AD32-B799-4656-8F7C-AABA8B95E23C}.Ad-Hoc|iPhone.Build.0 = Debug|Any CPU
		{A970AD32-B799-4656-8F7C-AABA8B95E23C}.Ad-Hoc|iPhoneSimulator.ActiveCfg = Debug|Any CPU
		{A970AD32-B799-4656-8F7C-AABA8B95E23C}.Ad-Hoc|iPhoneSimulator.Build.0 = Debug|Any CPU
		{A970AD32-B799-4656-8F7C-AABA8B95E23C}.Ad-Hoc|x64.ActiveCfg = Debug|Any CPU
		{A970AD32-B799-4656-8F7C-AABA8B95E23C}.Ad-Hoc|x64.Build.0 = Debug|Any CPU
		{A970AD32-B799-4656-8F7C-AABA8B95E23C}.Ad-Hoc|x86.ActiveCfg = Debug|Any CPU
		{A970AD32-B799-4656-8F7C-AABA8B95E23C}.Ad-Hoc|x86.Build.0 = Debug|Any CPU
		{A970AD32-B799-4656-8F7C-AABA8B95E23C}.AppStore|Any CPU.ActiveCfg = Debug|Any CPU
		{A970AD32-B799-4656-8F7C-AABA8B95E23C}.AppStore|Any CPU.Build.0 = Debug|Any CPU
		{A970AD32-B799-4656-8F7C-AABA8B95E23C}.AppStore|ARM.ActiveCfg = Debug|Any CPU
		{A970AD32-B799-4656-8F7C-AABA8B95E23C}.AppStore|ARM.Build.0 = Debug|Any CPU
		{A970AD32-B799-4656-8F7C-AABA8B95E23C}.AppStore|iPhone.ActiveCfg = Debug|Any CPU
		{A970AD32-B799-4656-8F7C-AABA8B95E23C}.AppStore|iPhone.Build.0 = Debug|Any CPU
		{A970AD32-B799-4656-8F7C-AABA8B95E23C}.AppStore|iPhoneSimulator.ActiveCfg = Debug|Any CPU
		{A970AD32-B799-4656-8F7C-AABA8B95E23C}.AppStore|iPhoneSimulator.Build.0 = Debug|Any CPU
		{A970AD32-B799-4656-8F7C-AABA8B95E23C}.AppStore|x64.ActiveCfg = Debug|Any CPU
		{A970AD32-B799-4656-8F7C-AABA8B95E23C}.AppStore|x64.Build.0 = Debug|Any CPU
		{A970AD32-B799-4656-8F7C-AABA8B95E23C}.AppStore|x86.ActiveCfg = Debug|Any CPU
		{A970AD32-B799-4656-8F7C-AABA8B95E23C}.AppStore|x86.Build.0 = Debug|Any CPU
		{A970AD32-B799-4656-8F7C-AABA8B95E23C}.Debug|Any CPU.ActiveCfg = Debug|Any CPU
		{A970AD32-B799-4656-8F7C-AABA8B95E23C}.Debug|Any CPU.Build.0 = Debug|Any CPU
		{A970AD32-B799-4656-8F7C-AABA8B95E23C}.Debug|ARM.ActiveCfg = Debug|Any CPU
		{A970AD32-B799-4656-8F7C-AABA8B95E23C}.Debug|ARM.Build.0 = Debug|Any CPU
		{A970AD32-B799-4656-8F7C-AABA8B95E23C}.Debug|iPhone.ActiveCfg = Debug|Any CPU
		{A970AD32-B799-4656-8F7C-AABA8B95E23C}.Debug|iPhone.Build.0 = Debug|Any CPU
		{A970AD32-B799-4656-8F7C-AABA8B95E23C}.Debug|iPhoneSimulator.ActiveCfg = Debug|Any CPU
		{A970AD32-B799-4656-8F7C-AABA8B95E23C}.Debug|iPhoneSimulator.Build.0 = Debug|Any CPU
		{A970AD32-B799-4656-8F7C-AABA8B95E23C}.Debug|x64.ActiveCfg = Debug|Any CPU
		{A970AD32-B799-4656-8F7C-AABA8B95E23C}.Debug|x64.Build.0 = Debug|Any CPU
		{A970AD32-B799-4656-8F7C-AABA8B95E23C}.Debug|x86.ActiveCfg = Debug|Any CPU
		{A970AD32-B799-4656-8F7C-AABA8B95E23C}.Debug|x86.Build.0 = Debug|Any CPU
		{A970AD32-B799-4656-8F7C-AABA8B95E23C}.Release|Any CPU.ActiveCfg = Release|Any CPU
		{A970AD32-B799-4656-8F7C-AABA8B95E23C}.Release|Any CPU.Build.0 = Release|Any CPU
		{A970AD32-B799-4656-8F7C-AABA8B95E23C}.Release|ARM.ActiveCfg = Release|Any CPU
		{A970AD32-B799-4656-8F7C-AABA8B95E23C}.Release|ARM.Build.0 = Release|Any CPU
		{A970AD32-B799-4656-8F7C-AABA8B95E23C}.Release|iPhone.ActiveCfg = Release|Any CPU
		{A970AD32-B799-4656-8F7C-AABA8B95E23C}.Release|iPhone.Build.0 = Release|Any CPU
		{A970AD32-B799-4656-8F7C-AABA8B95E23C}.Release|iPhoneSimulator.ActiveCfg = Release|Any CPU
		{A970AD32-B799-4656-8F7C-AABA8B95E23C}.Release|iPhoneSimulator.Build.0 = Release|Any CPU
		{A970AD32-B799-4656-8F7C-AABA8B95E23C}.Release|x64.ActiveCfg = Release|Any CPU
		{A970AD32-B799-4656-8F7C-AABA8B95E23C}.Release|x64.Build.0 = Release|Any CPU
		{A970AD32-B799-4656-8F7C-AABA8B95E23C}.Release|x86.ActiveCfg = Release|Any CPU
		{A970AD32-B799-4656-8F7C-AABA8B95E23C}.Release|x86.Build.0 = Release|Any CPU
	EndGlobalSection
	GlobalSection(SolutionProperties) = preSolution
		HideSolutionNode = FALSE
	EndGlobalSection
	GlobalSection(ExtensibilityGlobals) = postSolution
		SolutionGuid = {1E790037-9C5C-4FDB-8FD0-A8468EEFC86D}
	EndGlobalSection
EndGlobal
